schema: '2.0'
stages:
  data_cleaning:
    cmd: python src/data/data_cleaning.py
    deps:
    - path: data/raw/swiggy.csv
      hash: md5
      md5: 0b050b37dfe6cfbfaa18d7cb4e454377
      size: 7772212
    - path: src/data/data_cleaning.py
      hash: md5
      md5: 2162dc1c881b68da95f5cdc132108c3b
      size: 9521
    outs:
    - path: data/cleaned/swiggy_cleaned.csv
      hash: md5
      md5: 25d4d0b21083f3011eeae447572b3682
      size: 4508508
  data_preparation:
    cmd: python src/data/data_preparation.py
    deps:
    - path: data/cleaned/swiggy_cleaned.csv
      hash: md5
      md5: 25d4d0b21083f3011eeae447572b3682
      size: 4508508
    - path: src/data/data_preparation.py
      hash: md5
      md5: 545f6ce3b6ec2ffe1b3c33678dd19c07
      size: 3009
    params:
      params.yaml:
        Data_Preparation.random_state: 42
        Data_Preparation.test_size: 0.25
    outs:
    - path: data/interim/test.csv
      hash: md5
      md5: 8f6eefdfebfcf64a57544aabb8b8f1ed
      size: 1126532
    - path: data/interim/train.csv
      hash: md5
      md5: 40cafc16cc16882e4768b9ace1463dc0
      size: 3379018
  data_preprocessing:
    cmd: python src/features/data_preprocessing.py
    deps:
    - path: data/interim/test.csv
      hash: md5
      md5: 8f6eefdfebfcf64a57544aabb8b8f1ed
      size: 1126532
    - path: data/interim/train.csv
      hash: md5
      md5: 40cafc16cc16882e4768b9ace1463dc0
      size: 3379018
    - path: src/features/data_preprocessing.py
      hash: md5
      md5: 6a462f143bd9a1b599fa9a91a0f4ea37
      size: 6951
    outs:
    - path: data/processed/test_trans.csv
      hash: md5
      md5: a5f11bdf52ef5b0875eb85bc941c8a80
      size: 1358269
    - path: data/processed/train_trans.csv
      hash: md5
      md5: 9dda3777866d76d1efef4cc0f42bb6ad
      size: 4060462
    - path: models/preprocessor.joblib
      hash: md5
      md5: a69ea345ba33a203a27903fd0a2873fb
      size: 8189
  train:
    cmd: python src/models/train.py
    deps:
    - path: data/processed/train_trans.csv
      hash: md5
      md5: 9dda3777866d76d1efef4cc0f42bb6ad
      size: 4060462
    - path: src/models/train.py
      hash: md5
      md5: 7e3fdfe8e1b25a08b4d2dad297d03c78
      size: 4912
    params:
      params.yaml:
        Train.LightGBM:
          n_estimators: 154
          max_depth: 27
          learning_rate: 0.22234435854395157
          subsample: 0.7592213724048168
          min_child_weight: 20
          min_split_gain: 0.004604680609280751
          reg_lambda: 97.81002379097947
          n_jobs: -1
        Train.Random_Forest:
          n_estimators: 479
          criterion: squared_error
          max_depth: 17
          max_features: 1
          min_samples_split: 9
          min_samples_leaf: 2
          max_samples: 0.6603673526197066
          verbose: 1
          n_jobs: -1
    outs:
    - path: models/model.joblib
      hash: md5
      md5: 72b5fb4ca44429fe062956cd2e5cffe8
      size: 149274712
    - path: models/power_transformer.joblib
      hash: md5
      md5: e7ec44d4a73095ab4142454a9cf27afc
      size: 837
    - path: models/stacking_regressor.joblib
      hash: md5
      md5: dee512c4c4d06fd902a046c2416a070f
      size: 149263178
  evaluation:
    cmd: python src/models/evaluation.py
    deps:
    - path: data/processed/test_trans.csv
      hash: md5
      md5: a5f11bdf52ef5b0875eb85bc941c8a80
      size: 1358269
    - path: data/processed/train_trans.csv
      hash: md5
      md5: 9dda3777866d76d1efef4cc0f42bb6ad
      size: 4060462
    - path: models/model.joblib
      hash: md5
      md5: 72b5fb4ca44429fe062956cd2e5cffe8
      size: 149274712
    - path: src/models/evaluation.py
      hash: md5
      md5: 9dce7fc95c1e648565ef58e7056979cc
      size: 6069
    outs:
    - path: run_information.json
      hash: md5
      md5: 17c16359a1c54418f25bbc05a7383066
      size: 220
  register_model:
    cmd: python src/models/register_model.py
    deps:
    - path: run_information.json
      hash: md5
      md5: 17c16359a1c54418f25bbc05a7383066
      size: 220
    - path: src/models/register_model.py
      hash: md5
      md5: 20f8baa8d24b414018a2d85ff044defd
      size: 2190